# THIS IS AN AUTOGENERATED FILE. DO NOT EDIT THIS FILE DIRECTLY.
# yarn lockfile v1


date-fns@^2.29.3:
  version "2.29.3"
  resolved "https://registry.yarnpkg.com/date-fns/-/date-fns-2.29.3.tgz#27402d2fc67eb442b511b70bbdf98e6411cd68a8"
  integrity sha512-dDCnyH2WnnKusqvZZ6+jA1O51Ibt8ZMRNkDZdyAyK4YfbDwa/cEmuztzG5pk6hqlp9aSBPYcjOlktquahGwGeA==

ngx-mask@^14.2.4:
  version "14.2.4"
  resolved "https://registry.yarnpkg.com/ngx-mask/-/ngx-mask-14.2.4.tgz#da7ba480d7c7f5be9ff34c35a288838c58d65bbd"
  integrity sha512-158nAe2tyiZa2T8COoI6SvJCQHqpJ4+JW0amGcvVEYUBF6FIoYK66BlnOJURAOy5qry0d0N45w7J/LGsCBgZcg==
  dependencies:
    tslib "^2.3.0"

tslib@^2.3.0:
  version "2.4.0"
  resolved "https://registry.yarnpkg.com/tslib/-/tslib-2.4.0.tgz#7cecaa7f073ce680a05847aa77be941098f36dc3"
  integrity sha512-d6xOpEDfsi2CZVlPQzGeux8XMwLT9hssAsaPYExaQMuYskwb+x1x7J371tWlbBdWHroy99KnVB6qIkUbs5X3UQ==
